{
  "meteor": {},
  "dependencies": {
    "basePackages": {
      "zurb-foundation": {},
      "iron-router": {},
      "spin": {},
      "bower": {},
      "collection2": {},
      "accounts-guest": {},
      "collection-helpers": {},
      "moment": {},
      "moment-range": {},
      "fontawesome4": {}
    },
    "packages": {
      "zurb-foundation": {
        "git": "https://github.com/MixinLabs/meteor-foundation.git",
        "tag": "v5.2.2-0.0.1",
        "commit": "afe432020cc6246fa0a243a6d2e1e031f08d98e3"
      },
      "iron-router": {
        "git": "https://github.com/EventedMind/iron-router.git",
        "tag": "v0.7.1",
        "commit": "d1ffb3f06ea4c112132b030f2eb1a70b81675ecb"
      },
      "spin": {
        "git": "https://github.com/SachaG/meteor-spin.git",
        "tag": "v0.2.2",
        "commit": "3f655f0016228e4195acc784c45d3e3a247dc39f"
      },
      "bower": {
        "git": "https://github.com/mquandalle/meteor-bower.git",
        "tag": "v0.1.8",
        "commit": "5699c3f29a936dcb2aa1221a9febd4669764fc91"
      },
      "collection2": {
        "git": "https://github.com/aldeed/meteor-collection2.git",
        "tag": "v0.3.11",
        "commit": "7e970671305657678e8508d8107d5e6c5e158559"
      },
      "accounts-guest": {
        "git": "https://github.com/artwells/meteor-accounts-guest.git",
        "tag": "v0.0.6",
        "commit": "f40bcf1f9e5999c70ab81a4f1e7a39f3ce78aa57"
      },
      "collection-helpers": {
        "git": "https://github.com/dburles/meteor-collection-helpers.git",
        "tag": "v0.2.4",
        "commit": "e10ac53aa03e9656ee8ecaff7b9054dcb3a8a791"
      },
      "moment": {
        "git": "https://github.com/acreeger/meteor-moment.git",
        "tag": "v2.6.0",
        "commit": "26156df681750fd6e6ed77043eef32b6653ebbdf"
      },
      "moment-range": {
        "git": "https://github.com/kevb/meteor-moment-range",
        "tag": "v1.0.1",
        "commit": "60db017c61fbe747fb0e8e696bf136ceaccd8c7c"
      },
      "fontawesome4": {
        "git": "https://github.com/chrismbeckett/meteor-fontawesome4.git",
        "tag": "v1.0.0",
        "commit": "fe38ec775e974f0f7855d1693dc74fd4f1b4848c"
      },
      "blaze-layout": {
        "git": "https://github.com/EventedMind/blaze-layout.git",
        "tag": "v0.2.4",
        "commit": "b40e9b0612329288d75cf52ad14a7da64bb8618f"
      },
      "simple-schema": {
        "git": "https://github.com/aldeed/meteor-simple-schema.git",
        "tag": "v0.4.0",
        "commit": "2cc6aac0d35a4e00b065c1437d540b2aefba5241"
      }
    }
  }
}
